{
  "name": "js_tutorial",
  "lockfileVersion": 2,
  "requires": true,
  "packages": {
    "": {
      "dependencies": {
        "activefog-palindrome": "^0.1.3"
      }
    },
    "node_modules/activefog-palindrome": {
      "version": "0.1.3",
      "resolved": "https://registry.npmjs.org/activefog-palindrome/-/activefog-palindrome-0.1.3.tgz",
      "integrity": "sha512-OgAi35rdJe8Or6VgWjAGzlf+lEZmN0eZUUoiWugTbeD2YeQKB+KHY2V3UpCvr4FSfTXsYQOKh3SLbQhEGhb/1A=="
    }
  },
  "dependencies": {
    "activefog-palindrome": {
      "version": "0.1.3",
      "resolved": "https://registry.npmjs.org/activefog-palindrome/-/activefog-palindrome-0.1.3.tgz",
      "integrity": "sha512-OgAi35rdJe8Or6VgWjAGzlf+lEZmN0eZUUoiWugTbeD2YeQKB+KHY2V3UpCvr4FSfTXsYQOKh3SLbQhEGhb/1A=="
    }
  }
}
